Microsoft Visual Studio Solution File, Format Version 12.00
# Visual Studio Version 17
VisualStudioVersion = 17.13.35919.96
MinimumVisualStudioVersion = 10.0.40219.1
Project("{FAE04EC0-301F-11D3-BF4B-00C04F79EFBC}") = "ProcessorApplication", "ProcessorApplication\ProcessorApplication.csproj", "{2B20EE0B-3729-477C-B5B1-807F40A418FD}"
EndProject
Project("{FAE04EC0-301F-11D3-BF4B-00C04F79EFBC}") = "Common", "Common\Common.csproj", "{B91054E7-966D-42D6-A7BB-1944CAA16FB9}"
EndProject
Project("{2150E333-8FDC-42A3-9474-1A3956D46DE8}") = "Modules", "Modules", "{02EA681E-C7D8-13C7-8484-4AC65E1B71E8}"
EndProject
Project("{FAE04EC0-301F-11D3-BF4B-00C04F79EFBC}") = "P2PNode", "Modules\P2PNode\P2PNode.csproj", "{73A5C1FF-9F97-934C-CA6E-49B4B2F9F7BE}"
EndProject
Project("{FAE04EC0-301F-11D3-BF4B-00C04F79EFBC}") = "ProcessorModule", "Modules\ProcessorModule\ProcessorModule.csproj", "{A53E2C3B-05DA-27F4-6C27-F10962C467F5}"
EndProject
Global
	GlobalSection(SolutionConfigurationPlatforms) = preSolution
		Debug|Any CPU = Debug|Any CPU
		Release|Any CPU = Release|Any CPU
	EndGlobalSection
	GlobalSection(ProjectConfigurationPlatforms) = postSolution
		{2B20EE0B-3729-477C-B5B1-807F40A418FD}.Debug|Any CPU.ActiveCfg = Debug|Any CPU
		{2B20EE0B-3729-477C-B5B1-807F40A418FD}.Debug|Any CPU.Build.0 = Debug|Any CPU
		{2B20EE0B-3729-477C-B5B1-807F40A418FD}.Release|Any CPU.ActiveCfg = Release|Any CPU
		{2B20EE0B-3729-477C-B5B1-807F40A418FD}.Release|Any CPU.Build.0 = Release|Any CPU
		{B91054E7-966D-42D6-A7BB-1944CAA16FB9}.Debug|Any CPU.ActiveCfg = Debug|Any CPU
		{B91054E7-966D-42D6-A7BB-1944CAA16FB9}.Debug|Any CPU.Build.0 = Debug|Any CPU
		{B91054E7-966D-42D6-A7BB-1944CAA16FB9}.Release|Any CPU.ActiveCfg = Release|Any CPU
		{B91054E7-966D-42D6-A7BB-1944CAA16FB9}.Release|Any CPU.Build.0 = Release|Any CPU
		{73A5C1FF-9F97-934C-CA6E-49B4B2F9F7BE}.Debug|Any CPU.ActiveCfg = Debug|Any CPU
		{73A5C1FF-9F97-934C-CA6E-49B4B2F9F7BE}.Release|Any CPU.ActiveCfg = Release|Any CPU
		{73A5C1FF-9F97-934C-CA6E-49B4B2F9F7BE}.Release|Any CPU.Build.0 = Release|Any CPU
		{A53E2C3B-05DA-27F4-6C27-F10962C467F5}.Debug|Any CPU.ActiveCfg = Debug|Any CPU
		{A53E2C3B-05DA-27F4-6C27-F10962C467F5}.Debug|Any CPU.Build.0 = Debug|Any CPU
		{A53E2C3B-05DA-27F4-6C27-F10962C467F5}.Release|Any CPU.ActiveCfg = Release|Any CPU
		{A53E2C3B-05DA-27F4-6C27-F10962C467F5}.Release|Any CPU.Build.0 = Release|Any CPU
	EndGlobalSection
	GlobalSection(SolutionProperties) = preSolution
		HideSolutionNode = FALSE
	EndGlobalSection
	GlobalSection(NestedProjects) = preSolution
		{73A5C1FF-9F97-934C-CA6E-49B4B2F9F7BE} = {02EA681E-C7D8-13C7-8484-4AC65E1B71E8}
		{A53E2C3B-05DA-27F4-6C27-F10962C467F5} = {02EA681E-C7D8-13C7-8484-4AC65E1B71E8}
	EndGlobalSection
	GlobalSection(ExtensibilityGlobals) = postSolution
		SolutionGuid = {51407EE2-11A0-4C2A-8277-1FD995A12419}
	EndGlobalSection
EndGlobal
